
Microsoft Visual Studio Solution File, Format Version 12.00
# Visual Studio 14
VisualStudioVersion = 14.0.25420.1
MinimumVisualStudioVersion = 10.0.40219.1
Project("{FAE04EC0-301F-11D3-BF4B-00C04F79EFBC}") = "ShopEcomecre.Common", "ShopEcomecre\ShopEcomecre.Common.csproj", "{8F474EF5-D423-48FC-B54D-EC3BD3E6498D}"
EndProject
Project("{FAE04EC0-301F-11D3-BF4B-00C04F79EFBC}") = "ShopEcomecre.Model", "ShopEcomecre.Model\ShopEcomecre.Model.csproj", "{35521452-9C7B-4B32-851C-11EA7C7F91A3}"
EndProject
Project("{FAE04EC0-301F-11D3-BF4B-00C04F79EFBC}") = "ShopEcomecre.Data", "ShopEcomecre.Data\ShopEcomecre.Data.csproj", "{B74CCF03-B8F0-43B0-A20B-F88695B961C0}"
EndProject
Project("{FAE04EC0-301F-11D3-BF4B-00C04F79EFBC}") = "ShopEcomecre.Service", "ShopEcomecre.Service\ShopEcomecre.Service.csproj", "{D9D8A26B-B34A-4914-942B-04A336348DD8}"
EndProject
Project("{FAE04EC0-301F-11D3-BF4B-00C04F79EFBC}") = "ShopEcomecre.UnitTest", "ShopEcomecre.UnitTest\ShopEcomecre.UnitTest.csproj", "{562BE83C-8D6C-4401-8367-C1D90BD7E5C5}"
EndProject
Project("{FAE04EC0-301F-11D3-BF4B-00C04F79EFBC}") = "ShopEcomecre.Web", "ShopEcomecre.Web\ShopEcomecre.Web.csproj", "{14F204C7-6BC0-43CF-89F6-834B5A1261F8}"
EndProject
Global
	GlobalSection(SolutionConfigurationPlatforms) = preSolution
		Debug|Any CPU = Debug|Any CPU
		Release|Any CPU = Release|Any CPU
	EndGlobalSection
	GlobalSection(ProjectConfigurationPlatforms) = postSolution
		{8F474EF5-D423-48FC-B54D-EC3BD3E6498D}.Debug|Any CPU.ActiveCfg = Debug|Any CPU
		{8F474EF5-D423-48FC-B54D-EC3BD3E6498D}.Debug|Any CPU.Build.0 = Debug|Any CPU
		{8F474EF5-D423-48FC-B54D-EC3BD3E6498D}.Release|Any CPU.ActiveCfg = Release|Any CPU
		{8F474EF5-D423-48FC-B54D-EC3BD3E6498D}.Release|Any CPU.Build.0 = Release|Any CPU
		{35521452-9C7B-4B32-851C-11EA7C7F91A3}.Debug|Any CPU.ActiveCfg = Debug|Any CPU
		{35521452-9C7B-4B32-851C-11EA7C7F91A3}.Debug|Any CPU.Build.0 = Debug|Any CPU
		{35521452-9C7B-4B32-851C-11EA7C7F91A3}.Release|Any CPU.ActiveCfg = Release|Any CPU
		{35521452-9C7B-4B32-851C-11EA7C7F91A3}.Release|Any CPU.Build.0 = Release|Any CPU
		{B74CCF03-B8F0-43B0-A20B-F88695B961C0}.Debug|Any CPU.ActiveCfg = Debug|Any CPU
		{B74CCF03-B8F0-43B0-A20B-F88695B961C0}.Debug|Any CPU.Build.0 = Debug|Any CPU
		{B74CCF03-B8F0-43B0-A20B-F88695B961C0}.Release|Any CPU.ActiveCfg = Release|Any CPU
		{B74CCF03-B8F0-43B0-A20B-F88695B961C0}.Release|Any CPU.Build.0 = Release|Any CPU
		{D9D8A26B-B34A-4914-942B-04A336348DD8}.Debug|Any CPU.ActiveCfg = Debug|Any CPU
		{D9D8A26B-B34A-4914-942B-04A336348DD8}.Debug|Any CPU.Build.0 = Debug|Any CPU
		{D9D8A26B-B34A-4914-942B-04A336348DD8}.Release|Any CPU.ActiveCfg = Release|Any CPU
		{D9D8A26B-B34A-4914-942B-04A336348DD8}.Release|Any CPU.Build.0 = Release|Any CPU
		{562BE83C-8D6C-4401-8367-C1D90BD7E5C5}.Debug|Any CPU.ActiveCfg = Debug|Any CPU
		{562BE83C-8D6C-4401-8367-C1D90BD7E5C5}.Debug|Any CPU.Build.0 = Debug|Any CPU
		{562BE83C-8D6C-4401-8367-C1D90BD7E5C5}.Release|Any CPU.ActiveCfg = Release|Any CPU
		{562BE83C-8D6C-4401-8367-C1D90BD7E5C5}.Release|Any CPU.Build.0 = Release|Any CPU
		{14F204C7-6BC0-43CF-89F6-834B5A1261F8}.Debug|Any CPU.ActiveCfg = Debug|Any CPU
		{14F204C7-6BC0-43CF-89F6-834B5A1261F8}.Debug|Any CPU.Build.0 = Debug|Any CPU
		{14F204C7-6BC0-43CF-89F6-834B5A1261F8}.Release|Any CPU.ActiveCfg = Release|Any CPU
		{14F204C7-6BC0-43CF-89F6-834B5A1261F8}.Release|Any CPU.Build.0 = Release|Any CPU
	EndGlobalSection
	GlobalSection(SolutionProperties) = preSolution
		HideSolutionNode = FALSE
	EndGlobalSection
EndGlobal
